// !$*UTF8*$!
{
	archiveVersion = 1;
	classes = {
	};
	objectVersion = 55;
	objects = {

/* Begin PBXBuildFile section */
		A5AF56D62A80DA1A00FA5700 /* AppDelegate.swift in Sources */ = {isa = PBXBuildFile; fileRef = A5AF56D52A80DA1A00FA5700 /* AppDelegate.swift */; };
		A5AF56D82A80DA1A00FA5700 /* SceneDelegate.swift in Sources */ = {isa = PBXBuildFile; fileRef = A5AF56D72A80DA1A00FA5700 /* SceneDelegate.swift */; };
		A5AF56DF2A80DA2500FA5700 /* Assets.xcassets in Resources */ = {isa = PBXBuildFile; fileRef = A5AF56DE2A80DA2500FA5700 /* Assets.xcassets */; };
		A5AF56E22A80DA2500FA5700 /* LaunchScreen.storyboard in Resources */ = {isa = PBXBuildFile; fileRef = A5AF56E02A80DA2500FA5700 /* LaunchScreen.storyboard */; };
		A5AF56F32A80EEC000FA5700 /* RootViewController.swift in Sources */ = {isa = PBXBuildFile; fileRef = A5AF56F22A80EEC000FA5700 /* RootViewController.swift */; };
		A5AF56F92A81031C00FA5700 /* SnapKit in Frameworks */ = {isa = PBXBuildFile; productRef = A5AF56F82A81031C00FA5700 /* SnapKit */; };
		A5AF571F2A81993000FA5700 /* MostPopularViewController.swift in Sources */ = {isa = PBXBuildFile; fileRef = A5AF571E2A81993000FA5700 /* MostPopularViewController.swift */; };
		A5AF57212A81995400FA5700 /* LifeStyleViewController.swift in Sources */ = {isa = PBXBuildFile; fileRef = A5AF57202A81995400FA5700 /* LifeStyleViewController.swift */; };
		A5AF57232A81996D00FA5700 /* HealthViewController.swift in Sources */ = {isa = PBXBuildFile; fileRef = A5AF57222A81996D00FA5700 /* HealthViewController.swift */; };
/* End PBXBuildFile section */

/* Begin PBXFileReference section */
		A5AF56D22A80DA1A00FA5700 /* firstUKitDesign.app */ = {isa = PBXFileReference; explicitFileType = wrapper.application; includeInIndex = 0; path = firstUKitDesign.app; sourceTree = BUILT_PRODUCTS_DIR; };
		A5AF56D52A80DA1A00FA5700 /* AppDelegate.swift */ = {isa = PBXFileReference; lastKnownFileType = sourcecode.swift; path = AppDelegate.swift; sourceTree = "<group>"; };
		A5AF56D72A80DA1A00FA5700 /* SceneDelegate.swift */ = {isa = PBXFileReference; lastKnownFileType = sourcecode.swift; path = SceneDelegate.swift; sourceTree = "<group>"; };
		A5AF56DE2A80DA2500FA5700 /* Assets.xcassets */ = {isa = PBXFileReference; lastKnownFileType = folder.assetcatalog; path = Assets.xcassets; sourceTree = "<group>"; };
		A5AF56E12A80DA2500FA5700 /* Base */ = {isa = PBXFileReference; lastKnownFileType = file.storyboard; name = Base; path = Base.lproj/LaunchScreen.storyboard; sourceTree = "<group>"; };
		A5AF56E32A80DA2500FA5700 /* Info.plist */ = {isa = PBXFileReference; lastKnownFileType = text.plist.xml; path = Info.plist; sourceTree = "<group>"; };
		A5AF56F22A80EEC000FA5700 /* RootViewController.swift */ = {isa = PBXFileReference; lastKnownFileType = sourcecode.swift; path = RootViewController.swift; sourceTree = "<group>"; };
		A5AF571E2A81993000FA5700 /* MostPopularViewController.swift */ = {isa = PBXFileReference; lastKnownFileType = sourcecode.swift; path = MostPopularViewController.swift; sourceTree = "<group>"; };
		A5AF57202A81995400FA5700 /* LifeStyleViewController.swift */ = {isa = PBXFileReference; lastKnownFileType = sourcecode.swift; path = LifeStyleViewController.swift; sourceTree = "<group>"; };
		A5AF57222A81996D00FA5700 /* HealthViewController.swift */ = {isa = PBXFileReference; lastKnownFileType = sourcecode.swift; path = HealthViewController.swift; sourceTree = "<group>"; };
/* End PBXFileReference section */

/* Begin PBXFrameworksBuildPhase section */
		A5AF56CF2A80DA1900FA5700 /* Frameworks */ = {
			isa = PBXFrameworksBuildPhase;
			buildActionMask = 2147483647;
			files = (
				A5AF56F92A81031C00FA5700 /* SnapKit in Frameworks */,
			);
			runOnlyForDeploymentPostprocessing = 0;
		};
/* End PBXFrameworksBuildPhase section */

/* Begin PBXGroup section */
		A5AF56C92A80DA1900FA5700 = {
			isa = PBXGroup;
			children = (
				A5AF56D42A80DA1A00FA5700 /* firstUKitDesign */,
				A5AF56D32A80DA1A00FA5700 /* Products */,
			);
			sourceTree = "<group>";
		};
		A5AF56D32A80DA1A00FA5700 /* Products */ = {
			isa = PBXGroup;
			children = (
				A5AF56D22A80DA1A00FA5700 /* firstUKitDesign.app */,
			);
			name = Products;
			sourceTree = "<group>";
		};
		A5AF56D42A80DA1A00FA5700 /* firstUKitDesign */ = {
			isa = PBXGroup;
			children = (
				A5AF56ED2A80EDA300FA5700 /* views */,
				A5AF56D52A80DA1A00FA5700 /* AppDelegate.swift */,
				A5AF56D72A80DA1A00FA5700 /* SceneDelegate.swift */,
				A5AF56F12A80EE4D00FA5700 /* Controllers */,
				A5AF56DE2A80DA2500FA5700 /* Assets.xcassets */,
				A5AF56E02A80DA2500FA5700 /* LaunchScreen.storyboard */,
				A5AF56E32A80DA2500FA5700 /* Info.plist */,
			);
			path = firstUKitDesign;
			sourceTree = "<group>";
		};
		A5AF56ED2A80EDA300FA5700 /* views */ = {
			isa = PBXGroup;
			children = (
				A5AF571E2A81993000FA5700 /* MostPopularViewController.swift */,
				A5AF57202A81995400FA5700 /* LifeStyleViewController.swift */,
				A5AF57222A81996D00FA5700 /* HealthViewController.swift */,
			);
			path = views;
			sourceTree = "<group>";
		};
		A5AF56F12A80EE4D00FA5700 /* Controllers */ = {
			isa = PBXGroup;
			children = (
				A5AF56F22A80EEC000FA5700 /* RootViewController.swift */,
			);
			path = Controllers;
			sourceTree = "<group>";
		};
/* End PBXGroup section */

/* Begin PBXNativeTarget section */
		A5AF56D12A80DA1900FA5700 /* firstUKitDesign */ = {
			isa = PBXNativeTarget;
			buildConfigurationList = A5AF56E62A80DA2500FA5700 /* Build configuration list for PBXNativeTarget "firstUKitDesign" */;
			buildPhases = (
				A5AF56CE2A80DA1900FA5700 /* Sources */,
				A5AF56CF2A80DA1900FA5700 /* Frameworks */,
				A5AF56D02A80DA1900FA5700 /* Resources */,
			);
			buildRules = (
			);
			dependencies = (
			);
			name = firstUKitDesign;
			packageProductDependencies = (
				A5AF56F82A81031C00FA5700 /* SnapKit */,
			);
			productName = firstUKitDesign;
			productReference = A5AF56D22A80DA1A00FA5700 /* firstUKitDesign.app */;
			productType = "com.apple.product-type.application";
		};
/* End PBXNativeTarget section */

/* Begin PBXProject section */
		A5AF56CA2A80DA1900FA5700 /* Project object */ = {
			isa = PBXProject;
			attributes = {
				BuildIndependentTargetsInParallel = 1;
				LastSwiftUpdateCheck = 1320;
				LastUpgradeCheck = 1320;
				TargetAttributes = {
					A5AF56D12A80DA1900FA5700 = {
						CreatedOnToolsVersion = 13.2.1;
					};
				};
			};
			buildConfigurationList = A5AF56CD2A80DA1900FA5700 /* Build configuration list for PBXProject "firstUKitDesign" */;
			compatibilityVersion = "Xcode 13.0";
			developmentRegion = en;
			hasScannedForEncodings = 0;
			knownRegions = (
				en,
				Base,
			);
			mainGroup = A5AF56C92A80DA1900FA5700;
			packageReferences = (
				A5AF56F72A81031C00FA5700 /* XCRemoteSwiftPackageReference "SnapKit" */,
			);
			productRefGroup = A5AF56D32A80DA1A00FA5700 /* Products */;
			projectDirPath = "";
			projectRoot = "";
			targets = (
				A5AF56D12A80DA1900FA5700 /* firstUKitDesign */,
			);
		};
/* End PBXProject section */

/* Begin PBXResourcesBuildPhase section */
		A5AF56D02A80DA1900FA5700 /* Resources */ = {
			isa = PBXResourcesBuildPhase;
			buildActionMask = 2147483647;
			files = (
				A5AF56E22A80DA2500FA5700 /* LaunchScreen.storyboard in Resources */,
				A5AF56DF2A80DA2500FA5700 /* Assets.xcassets in Resources */,
			);
			runOnlyForDeploymentPostprocessing = 0;
		};
/* End PBXResourcesBuildPhase section */

/* Begin PBXSourcesBuildPhase section */
		A5AF56CE2A80DA1900FA5700 /* Sources */ = {
			isa = PBXSourcesBuildPhase;
			buildActionMask = 2147483647;
			files = (
				A5AF56F32A80EEC000FA5700 /* RootViewController.swift in Sources */,
				A5AF57212A81995400FA5700 /* LifeStyleViewController.swift in Sources */,
				A5AF56D62A80DA1A00FA5700 /* AppDelegate.swift in Sources */,
				A5AF56D82A80DA1A00FA5700 /* SceneDelegate.swift in Sources */,
				A5AF57232A81996D00FA5700 /* HealthViewController.swift in Sources */,
				A5AF571F2A81993000FA5700 /* MostPopularViewController.swift in Sources */,
			);
			runOnlyForDeploymentPostprocessing = 0;
		};
/* End PBXSourcesBuildPhase section */

/* Begin PBXVariantGroup section */
		A5AF56E02A80DA2500FA5700 /* LaunchScreen.storyboard */ = {
			isa = PBXVariantGroup;
			children = (
				A5AF56E12A80DA2500FA5700 /* Base */,
			);
			name = LaunchScreen.storyboard;
			sourceTree = "<group>";
		};
/* End PBXVariantGroup section */

/* Begin XCBuildConfiguration section */
		A5AF56E42A80DA2500FA5700 /* Debug */ = {
			isa = XCBuildConfiguration;
			buildSettings = {
				ALWAYS_SEARCH_USER_PATHS = NO;
				CLANG_ANALYZER_NONNULL = YES;
				CLANG_ANALYZER_NUMBER_OBJECT_CONVERSION = YES_AGGRESSIVE;
				CLANG_CXX_LANGUAGE_STANDARD = "gnu++17";
				CLANG_CXX_LIBRARY = "libc++";
				CLANG_ENABLE_MODULES = YES;
				CLANG_ENABLE_OBJC_ARC = YES;
				CLANG_ENABLE_OBJC_WEAK = YES;
				CLANG_WARN_BLOCK_CAPTURE_AUTORELEASING = YES;
				CLANG_WARN_BOOL_CONVERSION = YES;
				CLANG_WARN_COMMA = YES;
				CLANG_WARN_CONSTANT_CONVERSION = YES;
				CLANG_WARN_DEPRECATED_OBJC_IMPLEMENTATIONS = YES;
				CLANG_WARN_DIRECT_OBJC_ISA_USAGE = YES_ERROR;
				CLANG_WARN_DOCUMENTATION_COMMENTS = YES;
				CLANG_WARN_EMPTY_BODY = YES;
				CLANG_WARN_ENUM_CONVERSION = YES;
				CLANG_WARN_INFINITE_RECURSION = YES;
				CLANG_WARN_INT_CONVERSION = YES;
				CLANG_WARN_NON_LITERAL_NULL_CONVERSION = YES;
				CLANG_WARN_OBJC_IMPLICIT_RETAIN_SELF = YES;
				CLANG_WARN_OBJC_LITERAL_CONVERSION = YES;
				CLANG_WARN_OBJC_ROOT_CLASS = YES_ERROR;
				CLANG_WARN_QUOTED_INCLUDE_IN_FRAMEWORK_HEADER = YES;
				CLANG_WARN_RANGE_LOOP_ANALYSIS = YES;
				CLANG_WARN_STRICT_PROTOTYPES = YES;
				CLANG_WARN_SUSPICIOUS_MOVE = YES;
				CLANG_WARN_UNGUARDED_AVAILABILITY = YES_AGGRESSIVE;
				CLANG_WARN_UNREACHABLE_CODE = YES;
				CLANG_WARN__DUPLICATE_METHOD_MATCH = YES;
				COPY_PHASE_STRIP = NO;
				DEBUG_INFORMATION_FORMAT = dwarf;
				ENABLE_STRICT_OBJC_MSGSEND = YES;
				ENABLE_TESTABILITY = YES;
				GCC_C_LANGUAGE_STANDARD = gnu11;
				GCC_DYNAMIC_NO_PIC = NO;
				GCC_NO_COMMON_BLOCKS = YES;
				GCC_OPTIMIZATION_LEVEL = 0;
				GCC_PREPROCESSOR_DEFINITIONS = (
					"DEBUG=1",
					"$(inherited)",
				);
				GCC_WARN_64_TO_32_BIT_CONVERSION = YES;
				GCC_WARN_ABOUT_RETURN_TYPE = YES_ERROR;
				GCC_WARN_UNDECLARED_SELECTOR = YES;
				GCC_WARN_UNINITIALIZED_AUTOS = YES_AGGRESSIVE;
				GCC_WARN_UNUSED_FUNCTION = YES;
				GCC_WARN_UNUSED_VARIABLE = YES;
				IPHONEOS_DEPLOYMENT_TARGET = 15.2;
				MTL_ENABLE_DEBUG_INFO = INCLUDE_SOURCE;
				MTL_FAST_MATH = YES;
				ONLY_ACTIVE_ARCH = YES;
				SDKROOT = iphoneos;
				SWIFT_ACTIVE_COMPILATION_CONDITIONS = DEBUG;
				SWIFT_OPTIMIZATION_LEVEL = "-Onone";
			};
			name = Debug;
		};
		A5AF56E52A80DA2500FA5700 /* Release */ = {
			isa = XCBuildConfiguration;
			buildSettings = {
				ALWAYS_SEARCH_USER_PATHS = NO;
				CLANG_ANALYZER_NONNULL = YES;
				CLANG_ANALYZER_NUMBER_OBJECT_CONVERSION = YES_AGGRESSIVE;
				CLANG_CXX_LANGUAGE_STANDARD = "gnu++17";
				CLANG_CXX_LIBRARY = "libc++";
				CLANG_ENABLE_MODULES = YES;
				CLANG_ENABLE_OBJC_ARC = YES;
				CLANG_ENABLE_OBJC_WEAK = YES;
				CLANG_WARN_BLOCK_CAPTURE_AUTORELEASING = YES;
				CLANG_WARN_BOOL_CONVERSION = YES;
				CLANG_WARN_COMMA = YES;
				CLANG_WARN_CONSTANT_CONVERSION = YES;
				CLANG_WARN_DEPRECATED_OBJC_IMPLEMENTATIONS = YES;
				CLANG_WARN_DIRECT_OBJC_ISA_USAGE = YES_ERROR;
				CLANG_WARN_DOCUMENTATION_COMMENTS = YES;
				CLANG_WARN_EMPTY_BODY = YES;
				CLANG_WARN_ENUM_CONVERSION = YES;
				CLANG_WARN_INFINITE_RECURSION = YES;
				CLANG_WARN_INT_CONVERSION = YES;
				CLANG_WARN_NON_LITERAL_NULL_CONVERSION = YES;
				CLANG_WARN_OBJC_IMPLICIT_RETAIN_SELF = YES;
				CLANG_WARN_OBJC_LITERAL_CONVERSION = YES;
				CLANG_WARN_OBJC_ROOT_CLASS = YES_ERROR;
				CLANG_WARN_QUOTED_INCLUDE_IN_FRAMEWORK_HEADER = YES;
				CLANG_WARN_RANGE_LOOP_ANALYSIS = YES;
				CLANG_WARN_STRICT_PROTOTYPES = YES;
				CLANG_WARN_SUSPICIOUS_MOVE = YES;
				CLANG_WARN_UNGUARDED_AVAILABILITY = YES_AGGRESSIVE;
				CLANG_WARN_UNREACHABLE_CODE = YES;
				CLANG_WARN__DUPLICATE_METHOD_MATCH = YES;
				COPY_PHASE_STRIP = NO;
				DEBUG_INFORMATION_FORMAT = "dwarf-with-dsym";
				ENABLE_NS_ASSERTIONS = NO;
				ENABLE_STRICT_OBJC_MSGSEND = YES;
				GCC_C_LANGUAGE_STANDARD = gnu11;
				GCC_NO_COMMON_BLOCKS = YES;
				GCC_WARN_64_TO_32_BIT_CONVERSION = YES;
				GCC_WARN_ABOUT_RETURN_TYPE = YES_ERROR;
				GCC_WARN_UNDECLARED_SELECTOR = YES;
				GCC_WARN_UNINITIALIZED_AUTOS = YES_AGGRESSIVE;
				GCC_WARN_UNUSED_FUNCTION = YES;
				GCC_WARN_UNUSED_VARIABLE = YES;
				IPHONEOS_DEPLOYMENT_TARGET = 15.2;
				MTL_ENABLE_DEBUG_INFO = NO;
				MTL_FAST_MATH = YES;
				SDKROOT = iphoneos;
				SWIFT_COMPILATION_MODE = wholemodule;
				SWIFT_OPTIMIZATION_LEVEL = "-O";
				VALIDATE_PRODUCT = YES;
			};
			name = Release;
		};
		A5AF56E72A80DA2500FA5700 /* Debug */ = {
			isa = XCBuildConfiguration;
			buildSettings = {
				ASSETCATALOG_COMPILER_APPICON_NAME = AppIcon;
				ASSETCATALOG_COMPILER_GLOBAL_ACCENT_COLOR_NAME = AccentColor;
				CODE_SIGN_STYLE = Automatic;
				CURRENT_PROJECT_VERSION = 1;
				GENERATE_INFOPLIST_FILE = YES;
				INFOPLIST_FILE = firstUKitDesign/Info.plist;
				INFOPLIST_KEY_UIApplicationSupportsIndirectInputEvents = YES;
				INFOPLIST_KEY_UILaunchStoryboardName = LaunchScreen;
				INFOPLIST_KEY_UISupportedInterfaceOrientations_iPad = "UIInterfaceOrientationPortrait UIInterfaceOrientationPortraitUpsideDown UIInterfaceOrientationLandscapeLeft UIInterfaceOrientationLandscapeRight";
				INFOPLIST_KEY_UISupportedInterfaceOrientations_iPhone = "UIInterfaceOrientationPortrait UIInterfaceOrientationLandscapeLeft UIInterfaceOrientationLandscapeRight";
				LD_RUNPATH_SEARCH_PATHS = (
					"$(inherited)",
					"@executable_path/Frameworks",
				);
				MARKETING_VERSION = 1.0;
				PRODUCT_BUNDLE_IDENTIFIER = com.ghadaalone.firstUKitDesign;
				PRODUCT_NAME = "$(TARGET_NAME)";
				SWIFT_EMIT_LOC_STRINGS = YES;
				SWIFT_VERSION = 5.0;
				TARGETED_DEVICE_FAMILY = "1,2";
			};
			name = Debug;
		};
		A5AF56E82A80DA2500FA5700 /* Release */ = {
			isa = XCBuildConfiguration;
			buildSettings = {
				ASSETCATALOG_COMPILER_APPICON_NAME = AppIcon;
				ASSETCATALOG_COMPILER_GLOBAL_ACCENT_COLOR_NAME = AccentColor;
				CODE_SIGN_STYLE = Automatic;
				CURRENT_PROJECT_VERSION = 1;
				GENERATE_INFOPLIST_FILE = YES;
				INFOPLIST_FILE = firstUKitDesign/Info.plist;
				INFOPLIST_KEY_UIApplicationSupportsIndirectInputEvents = YES;
				INFOPLIST_KEY_UILaunchStoryboardName = LaunchScreen;
				INFOPLIST_KEY_UISupportedInterfaceOrientations_iPad = "UIInterfaceOrientationPortrait UIInterfaceOrientationPortraitUpsideDown UIInterfaceOrientationLandscapeLeft UIInterfaceOrientationLandscapeRight";
				INFOPLIST_KEY_UISupportedInterfaceOrientations_iPhone = "UIInterfaceOrientationPortrait UIInterfaceOrientationLandscapeLeft UIInterfaceOrientationLandscapeRight";
				LD_RUNPATH_SEARCH_PATHS = (
					"$(inherited)",
					"@executable_path/Frameworks",
				);
				MARKETING_VERSION = 1.0;
				PRODUCT_BUNDLE_IDENTIFIER = com.ghadaalone.firstUKitDesign;
				PRODUCT_NAME = "$(TARGET_NAME)";
				SWIFT_EMIT_LOC_STRINGS = YES;
				SWIFT_VERSION = 5.0;
				TARGETED_DEVICE_FAMILY = "1,2";
			};
			name = Release;
		};
/* End XCBuildConfiguration section */

/* Begin XCConfigurationList section */
		A5AF56CD2A80DA1900FA5700 /* Build configuration list for PBXProject "firstUKitDesign" */ = {
			isa = XCConfigurationList;
			buildConfigurations = (
				A5AF56E42A80DA2500FA5700 /* Debug */,
				A5AF56E52A80DA2500FA5700 /* Release */,
			);
			defaultConfigurationIsVisible = 0;
			defaultConfigurationName = Release;
		};
		A5AF56E62A80DA2500FA5700 /* Build configuration list for PBXNativeTarget "firstUKitDesign" */ = {
			isa = XCConfigurationList;
			buildConfigurations = (
				A5AF56E72A80DA2500FA5700 /* Debug */,
				A5AF56E82A80DA2500FA5700 /* Release */,
			);
			defaultConfigurationIsVisible = 0;
			defaultConfigurationName = Release;
		};
/* End XCConfigurationList section */

/* Begin XCRemoteSwiftPackageReference section */
		A5AF56F72A81031C00FA5700 /* XCRemoteSwiftPackageReference "SnapKit" */ = {
			isa = XCRemoteSwiftPackageReference;
			repositoryURL = "https://github.com/SnapKit/SnapKit.git";
			requirement = {
				kind = exactVersion;
				version = 5.6.0;
			};
		};
/* End XCRemoteSwiftPackageReference section */

/* Begin XCSwiftPackageProductDependency section */
		A5AF56F82A81031C00FA5700 /* SnapKit */ = {
			isa = XCSwiftPackageProductDependency;
			package = A5AF56F72A81031C00FA5700 /* XCRemoteSwiftPackageReference "SnapKit" */;
			productName = SnapKit;
		};
/* End XCSwiftPackageProductDependency section */
	};
	rootObject = A5AF56CA2A80DA1900FA5700 /* Project object */;
}
